
Microsoft Visual Studio Solution File, Format Version 12.00
# Visual Studio Version 16
VisualStudioVersion = 16.0.29519.181
MinimumVisualStudioVersion = 10.0.40219.1
Project("{FAE04EC0-301F-11D3-BF4B-00C04F79EFBC}") = "AdventOfCodeRunner", "AdventOfCodeRunner.csproj", "{F2726A7C-2D03-4E79-AE8E-BF0DA8D34744}"
EndProject
Project("{FAE04EC0-301F-11D3-BF4B-00C04F79EFBC}") = "AdventOfCodeTests", "AdventOfCode2017Tests\AdventOfCodeTests.csproj", "{7D0E250D-5BC0-4202-BFC8-E4CF5EB8AE89}"
EndProject
Project("{FAE04EC0-301F-11D3-BF4B-00C04F79EFBC}") = "AdventOfCode2017", "AdventOfCode2017\AdventOfCode2017.csproj", "{57CBABB4-0C59-41C7-ABBC-733620068BCB}"
EndProject
Project("{FAE04EC0-301F-11D3-BF4B-00C04F79EFBC}") = "AdventOfCode.Shared", "AdventOfCode.Shared\AdventOfCode.Shared.csproj", "{854F1F58-1FCD-4537-9CE6-EC3E36B9B93F}"
EndProject
Project("{FAE04EC0-301F-11D3-BF4B-00C04F79EFBC}") = "AdventOfCode2018", "AdventOfCode2018\AdventOfCode2018.csproj", "{11877EE7-E570-498A-A9CD-ED6F00D91CC5}"
EndProject
Project("{FAE04EC0-301F-11D3-BF4B-00C04F79EFBC}") = "AdventOfCode2020", "AdventOfCode2020\AdventOfCode2020.csproj", "{1AF1296B-847F-4032-B6EC-33883451FFC8}"
EndProject
Global
	GlobalSection(SolutionConfigurationPlatforms) = preSolution
		Debug|Any CPU = Debug|Any CPU
		Release|Any CPU = Release|Any CPU
	EndGlobalSection
	GlobalSection(ProjectConfigurationPlatforms) = postSolution
		{F2726A7C-2D03-4E79-AE8E-BF0DA8D34744}.Debug|Any CPU.ActiveCfg = Debug|Any CPU
		{F2726A7C-2D03-4E79-AE8E-BF0DA8D34744}.Debug|Any CPU.Build.0 = Debug|Any CPU
		{F2726A7C-2D03-4E79-AE8E-BF0DA8D34744}.Release|Any CPU.ActiveCfg = Release|Any CPU
		{F2726A7C-2D03-4E79-AE8E-BF0DA8D34744}.Release|Any CPU.Build.0 = Release|Any CPU
		{7D0E250D-5BC0-4202-BFC8-E4CF5EB8AE89}.Debug|Any CPU.ActiveCfg = Debug|Any CPU
		{7D0E250D-5BC0-4202-BFC8-E4CF5EB8AE89}.Debug|Any CPU.Build.0 = Debug|Any CPU
		{7D0E250D-5BC0-4202-BFC8-E4CF5EB8AE89}.Release|Any CPU.ActiveCfg = Release|Any CPU
		{7D0E250D-5BC0-4202-BFC8-E4CF5EB8AE89}.Release|Any CPU.Build.0 = Release|Any CPU
		{57CBABB4-0C59-41C7-ABBC-733620068BCB}.Debug|Any CPU.ActiveCfg = Debug|Any CPU
		{57CBABB4-0C59-41C7-ABBC-733620068BCB}.Debug|Any CPU.Build.0 = Debug|Any CPU
		{57CBABB4-0C59-41C7-ABBC-733620068BCB}.Release|Any CPU.ActiveCfg = Release|Any CPU
		{57CBABB4-0C59-41C7-ABBC-733620068BCB}.Release|Any CPU.Build.0 = Release|Any CPU
		{854F1F58-1FCD-4537-9CE6-EC3E36B9B93F}.Debug|Any CPU.ActiveCfg = Debug|Any CPU
		{854F1F58-1FCD-4537-9CE6-EC3E36B9B93F}.Debug|Any CPU.Build.0 = Debug|Any CPU
		{854F1F58-1FCD-4537-9CE6-EC3E36B9B93F}.Release|Any CPU.ActiveCfg = Release|Any CPU
		{854F1F58-1FCD-4537-9CE6-EC3E36B9B93F}.Release|Any CPU.Build.0 = Release|Any CPU
		{11877EE7-E570-498A-A9CD-ED6F00D91CC5}.Debug|Any CPU.ActiveCfg = Debug|Any CPU
		{11877EE7-E570-498A-A9CD-ED6F00D91CC5}.Debug|Any CPU.Build.0 = Debug|Any CPU
		{11877EE7-E570-498A-A9CD-ED6F00D91CC5}.Release|Any CPU.ActiveCfg = Release|Any CPU
		{11877EE7-E570-498A-A9CD-ED6F00D91CC5}.Release|Any CPU.Build.0 = Release|Any CPU
		{1AF1296B-847F-4032-B6EC-33883451FFC8}.Debug|Any CPU.ActiveCfg = Debug|Any CPU
		{1AF1296B-847F-4032-B6EC-33883451FFC8}.Debug|Any CPU.Build.0 = Debug|Any CPU
		{1AF1296B-847F-4032-B6EC-33883451FFC8}.Release|Any CPU.ActiveCfg = Release|Any CPU
		{1AF1296B-847F-4032-B6EC-33883451FFC8}.Release|Any CPU.Build.0 = Release|Any CPU
	EndGlobalSection
	GlobalSection(SolutionProperties) = preSolution
		HideSolutionNode = FALSE
	EndGlobalSection
	GlobalSection(ExtensibilityGlobals) = postSolution
		SolutionGuid = {07CFC451-3244-40CC-8B93-CA5413E09405}
	EndGlobalSection
EndGlobal
