
Microsoft Visual Studio Solution File, Format Version 12.00
# Visual Studio Version 17
VisualStudioVersion = 17.1.32210.238
MinimumVisualStudioVersion = 10.0.40219.1
Project("{FAE04EC0-301F-11D3-BF4B-00C04F79EFBC}") = "AdventOfCodeRunner", "AdventOfCodeRunner.csproj", "{F2726A7C-2D03-4E79-AE8E-BF0DA8D34744}"
EndProject
Project("{FAE04EC0-301F-11D3-BF4B-00C04F79EFBC}") = "AdventOfCode2017", "AdventOfCode2017\AdventOfCode2017.csproj", "{57CBABB4-0C59-41C7-ABBC-733620068BCB}"
EndProject
Project("{FAE04EC0-301F-11D3-BF4B-00C04F79EFBC}") = "AdventOfCode.Shared", "AdventOfCode.Shared\AdventOfCode.Shared.csproj", "{854F1F58-1FCD-4537-9CE6-EC3E36B9B93F}"
EndProject
Project("{FAE04EC0-301F-11D3-BF4B-00C04F79EFBC}") = "AdventOfCode2020", "AdventOfCode2020\AdventOfCode2020.csproj", "{1AF1296B-847F-4032-B6EC-33883451FFC8}"
EndProject
Project("{FAE04EC0-301F-11D3-BF4B-00C04F79EFBC}") = "AdventOfCode2021", "AdventOfCode2021\AdventOfCode2021.csproj", "{F6549362-DF4D-4A8F-8FD1-6FD0338A255A}"
EndProject
Project("{FAE04EC0-301F-11D3-BF4B-00C04F79EFBC}") = "AdventOfCodeTests", "AdventOfCodeTests\AdventOfCodeTests.csproj", "{822B655E-B36D-4813-B02D-F30946A49A92}"
EndProject
Project("{FAE04EC0-301F-11D3-BF4B-00C04F79EFBC}") = "AdventOfCode2019", "AdventOfCode2019\AdventOfCode2019.csproj", "{F0169FC2-8673-4AEA-9832-4F61CBE86DBD}"
EndProject
Project("{FAE04EC0-301F-11D3-BF4B-00C04F79EFBC}") = "AdventOfCode2022", "AdventOfCode2022\AdventOfCode2022.csproj", "{105FE577-4877-4787-BF22-B5F26961C1AE}"
EndProject
Global
	GlobalSection(SolutionConfigurationPlatforms) = preSolution
		Debug|Any CPU = Debug|Any CPU
		Release|Any CPU = Release|Any CPU
	EndGlobalSection
	GlobalSection(ProjectConfigurationPlatforms) = postSolution
		{F2726A7C-2D03-4E79-AE8E-BF0DA8D34744}.Debug|Any CPU.ActiveCfg = Debug|Any CPU
		{F2726A7C-2D03-4E79-AE8E-BF0DA8D34744}.Debug|Any CPU.Build.0 = Debug|Any CPU
		{F2726A7C-2D03-4E79-AE8E-BF0DA8D34744}.Release|Any CPU.ActiveCfg = Release|Any CPU
		{F2726A7C-2D03-4E79-AE8E-BF0DA8D34744}.Release|Any CPU.Build.0 = Release|Any CPU
		{57CBABB4-0C59-41C7-ABBC-733620068BCB}.Debug|Any CPU.ActiveCfg = Debug|Any CPU
		{57CBABB4-0C59-41C7-ABBC-733620068BCB}.Debug|Any CPU.Build.0 = Debug|Any CPU
		{57CBABB4-0C59-41C7-ABBC-733620068BCB}.Release|Any CPU.ActiveCfg = Release|Any CPU
		{57CBABB4-0C59-41C7-ABBC-733620068BCB}.Release|Any CPU.Build.0 = Release|Any CPU
		{854F1F58-1FCD-4537-9CE6-EC3E36B9B93F}.Debug|Any CPU.ActiveCfg = Debug|Any CPU
		{854F1F58-1FCD-4537-9CE6-EC3E36B9B93F}.Debug|Any CPU.Build.0 = Debug|Any CPU
		{854F1F58-1FCD-4537-9CE6-EC3E36B9B93F}.Release|Any CPU.ActiveCfg = Release|Any CPU
		{854F1F58-1FCD-4537-9CE6-EC3E36B9B93F}.Release|Any CPU.Build.0 = Release|Any CPU
		{1AF1296B-847F-4032-B6EC-33883451FFC8}.Debug|Any CPU.ActiveCfg = Debug|Any CPU
		{1AF1296B-847F-4032-B6EC-33883451FFC8}.Debug|Any CPU.Build.0 = Debug|Any CPU
		{1AF1296B-847F-4032-B6EC-33883451FFC8}.Release|Any CPU.ActiveCfg = Release|Any CPU
		{1AF1296B-847F-4032-B6EC-33883451FFC8}.Release|Any CPU.Build.0 = Release|Any CPU
		{F6549362-DF4D-4A8F-8FD1-6FD0338A255A}.Debug|Any CPU.ActiveCfg = Debug|Any CPU
		{F6549362-DF4D-4A8F-8FD1-6FD0338A255A}.Debug|Any CPU.Build.0 = Debug|Any CPU
		{F6549362-DF4D-4A8F-8FD1-6FD0338A255A}.Release|Any CPU.ActiveCfg = Release|Any CPU
		{F6549362-DF4D-4A8F-8FD1-6FD0338A255A}.Release|Any CPU.Build.0 = Release|Any CPU
		{822B655E-B36D-4813-B02D-F30946A49A92}.Debug|Any CPU.ActiveCfg = Debug|Any CPU
		{822B655E-B36D-4813-B02D-F30946A49A92}.Debug|Any CPU.Build.0 = Debug|Any CPU
		{822B655E-B36D-4813-B02D-F30946A49A92}.Release|Any CPU.ActiveCfg = Release|Any CPU
		{822B655E-B36D-4813-B02D-F30946A49A92}.Release|Any CPU.Build.0 = Release|Any CPU
		{F0169FC2-8673-4AEA-9832-4F61CBE86DBD}.Debug|Any CPU.ActiveCfg = Debug|Any CPU
		{F0169FC2-8673-4AEA-9832-4F61CBE86DBD}.Debug|Any CPU.Build.0 = Debug|Any CPU
		{F0169FC2-8673-4AEA-9832-4F61CBE86DBD}.Release|Any CPU.ActiveCfg = Release|Any CPU
		{F0169FC2-8673-4AEA-9832-4F61CBE86DBD}.Release|Any CPU.Build.0 = Release|Any CPU
		{105FE577-4877-4787-BF22-B5F26961C1AE}.Debug|Any CPU.ActiveCfg = Debug|Any CPU
		{105FE577-4877-4787-BF22-B5F26961C1AE}.Debug|Any CPU.Build.0 = Debug|Any CPU
		{105FE577-4877-4787-BF22-B5F26961C1AE}.Release|Any CPU.ActiveCfg = Release|Any CPU
		{105FE577-4877-4787-BF22-B5F26961C1AE}.Release|Any CPU.Build.0 = Release|Any CPU
	EndGlobalSection
	GlobalSection(SolutionProperties) = preSolution
		HideSolutionNode = FALSE
	EndGlobalSection
	GlobalSection(ExtensibilityGlobals) = postSolution
		SolutionGuid = {07CFC451-3244-40CC-8B93-CA5413E09405}
	EndGlobalSection
EndGlobal
